
Microsoft Visual Studio Solution File, Format Version 12.00
# Visual Studio Version 16
VisualStudioVersion = 16.0.31729.503
MinimumVisualStudioVersion = 10.0.40219.1
Project("{FAE04EC0-301F-11D3-BF4B-00C04F79EFBC}") = "WinformMonoGame", "WinformMonoGame\WinformMonoGame.csproj", "{1C242714-8E2E-4D11-920C-2FFBDAC60902}"
EndProject
Global
	GlobalSection(SolutionConfigurationPlatforms) = preSolution
		Debug|Any CPU = Debug|Any CPU
		Release|Any CPU = Release|Any CPU
	EndGlobalSection
	GlobalSection(ProjectConfigurationPlatforms) = postSolution
		{1C242714-8E2E-4D11-920C-2FFBDAC60902}.Debug|Any CPU.ActiveCfg = Debug|Any CPU
		{1C242714-8E2E-4D11-920C-2FFBDAC60902}.Debug|Any CPU.Build.0 = Debug|Any CPU
		{1C242714-8E2E-4D11-920C-2FFBDAC60902}.Release|Any CPU.ActiveCfg = Release|Any CPU
		{1C242714-8E2E-4D11-920C-2FFBDAC60902}.Release|Any CPU.Build.0 = Release|Any CPU
	EndGlobalSection
	GlobalSection(SolutionProperties) = preSolution
		HideSolutionNode = FALSE
	EndGlobalSection
	GlobalSection(ExtensibilityGlobals) = postSolution
		SolutionGuid = {94FEB084-E361-48F1-B792-F24221B4E0DB}
	EndGlobalSection
EndGlobal
